{
  "lockfileVersion": 1,
  "configVersion": 1,
  "workspaces": {
    "": {
      "name": "opencode-chat-bridge",
      "dependencies": {
        "matrix-js-sdk": "^34.0.0",
      },
      "devDependencies": {
        "@opencode-ai/plugin": "1.1.25",
        "@types/bun": "latest",
        "typescript": "^5.0.0",
      },
      "peerDependencies": {
        "@opencode-ai/plugin": "^1.0.0",
      },
    },
  },
  "packages": {
    "@babel/runtime": ["@babel/runtime@7.28.6", "", {}, "sha512-05WQkdpL9COIMz4LjTxGpPNCdlpyimKppYNoJ5Di5EUObifl8t4tuLuUBBZEpoLYOmfvIWrsp9fCl0HoPRVTdA=="],

    "@matrix-org/matrix-sdk-crypto-wasm": ["@matrix-org/matrix-sdk-crypto-wasm@9.1.0", "", {}, "sha512-CtPoNcoRW6ehwxpRQAksG3tR+NJ7k4DV02nMFYTDwQtie1V4R8OTY77BjEIs97NOblhtS26jU8m1lWsOBEz0Og=="],

    "@matrix-org/olm": ["@matrix-org/olm@3.2.15", "", {}, "sha512-S7lOrndAK9/8qOtaTq/WhttJC/o4GAzdfK0MUPpo8ApzsJEC0QjtwrkC3KBXdFP1cD1MXi/mlKR7aaoVMKgs6Q=="],

    "@opencode-ai/plugin": ["@opencode-ai/plugin@1.1.25", "", { "dependencies": { "@opencode-ai/sdk": "1.1.25", "zod": "4.1.8" } }, "sha512-oTUWS446H/j7z3pdzo3cOrB5N87XZ/RKdgPD8yHv/rLX92B4YQHjOqggVQ56Q+1VEnN0jxzhoqRylv/0ZEts/Q=="],

    "@opencode-ai/sdk": ["@opencode-ai/sdk@1.1.25", "", {}, "sha512-mWUX489ArEF2ICg3iZsx2VQaGS3Z2j/dwAJDacao9t7dGDzjOIaacPw2weZ10zld7XmT9V9C0PM/A5lDZ52J+w=="],

    "@types/bun": ["@types/bun@1.3.6", "", { "dependencies": { "bun-types": "1.3.6" } }, "sha512-uWCv6FO/8LcpREhenN1d1b6fcspAB+cefwD7uti8C8VffIv0Um08TKMn98FynpTiU38+y2dUO55T11NgDt8VAA=="],

    "@types/events": ["@types/events@3.0.3", "", {}, "sha512-trOc4AAUThEz9hapPtSd7wf5tiQKvTtu5b371UxXdTuqzIh0ArcRspRP0i0Viu+LXstIQ1z96t1nsPxT9ol01g=="],

    "@types/node": ["@types/node@25.0.9", "", { "dependencies": { "undici-types": "~7.16.0" } }, "sha512-/rpCXHlCWeqClNBwUhDcusJxXYDjZTyE8v5oTO7WbL8eij2nKhUeU89/6xgjU7N4/Vh3He0BtyhJdQbDyhiXAw=="],

    "@types/retry": ["@types/retry@0.12.0", "", {}, "sha512-wWKOClTTiizcZhXnPY4wikVAwmdYHp8q6DmC+EJUzAMsycb7HB32Kh9RN4+0gExjmPmZSAQjgURXIGATPegAvA=="],

    "another-json": ["another-json@0.2.0", "", {}, "sha512-/Ndrl68UQLhnCdsAzEXLMFuOR546o2qbYRqCglaNHbjXrwG1ayTcdwr3zkSGOGtGXDyR5X9nCFfnyG2AFJIsqg=="],

    "base-x": ["base-x@5.0.1", "", {}, "sha512-M7uio8Zt++eg3jPj+rHMfCC+IuygQHHCOU+IYsVtik6FWjuYpVt/+MRKcgsAMHh8mMFAwnB+Bs+mTrFiXjMzKg=="],

    "bs58": ["bs58@6.0.0", "", { "dependencies": { "base-x": "^5.0.0" } }, "sha512-PD0wEnEYg6ijszw/u8s+iI3H17cTymlrwkKhDhPZq+Sokl3AU4htyBFTjAeNAlCCmg0f53g6ih3jATyCKftTfw=="],

    "bun-types": ["bun-types@1.3.6", "", { "dependencies": { "@types/node": "*" } }, "sha512-OlFwHcnNV99r//9v5IIOgQ9Uk37gZqrNMCcqEaExdkVq3Avwqok1bJFmvGMCkCE0FqzdY8VMOZpfpR3lwI+CsQ=="],

    "content-type": ["content-type@1.0.5", "", {}, "sha512-nTjqfcBFEipKdXCv4YDQWCfmcLZKm81ldF0pAopTvyrFGVbcR6P/VAAd5G7N+0tTr8QqiU0tFadD6FK4NtJwOA=="],

    "events": ["events@3.3.0", "", {}, "sha512-mQw+2fkQbALzQ7V0MY0IqdnXNOeTtP4r0lN9z7AAawCXgqea7bDii20AYrIBrFd/Hx0M2Ocz6S111CaFkUcb0Q=="],

    "jwt-decode": ["jwt-decode@4.0.0", "", {}, "sha512-+KJGIyHgkGuIq3IEBNftfhW/LfWhXUIY6OmyVWjliu5KH1y0fw7VQ8YndE2O4qZdMSd9SqbnC8GOcZEy0Om7sA=="],

    "loglevel": ["loglevel@1.9.2", "", {}, "sha512-HgMmCqIJSAKqo68l0rS2AanEWfkxaZ5wNiEFb5ggm08lDs9Xl2KxBlX3PTcaD2chBM1gXAYf491/M2Rv8Jwayg=="],

    "matrix-events-sdk": ["matrix-events-sdk@0.0.1", "", {}, "sha512-1QEOsXO+bhyCroIe2/A5OwaxHvBm7EsSQ46DEDn8RBIfQwN5HWBpFvyWWR4QY0KHPPnnJdI99wgRiAl7Ad5qaA=="],

    "matrix-js-sdk": ["matrix-js-sdk@34.13.0", "", { "dependencies": { "@babel/runtime": "^7.12.5", "@matrix-org/matrix-sdk-crypto-wasm": "^9.0.0", "@matrix-org/olm": "3.2.15", "another-json": "^0.2.0", "bs58": "^6.0.0", "content-type": "^1.0.4", "jwt-decode": "^4.0.0", "loglevel": "^1.7.1", "matrix-events-sdk": "0.0.1", "matrix-widget-api": "^1.10.0", "oidc-client-ts": "^3.0.1", "p-retry": "4", "sdp-transform": "^2.14.1", "unhomoglyph": "^1.0.6", "uuid": "11" } }, "sha512-AAU8ZdCawca+7ucQfdcC3LA85OtCTV7QeqcjvKt/ZZhU3xL9VoawuoRQ+4R6H8KZnqyJmT4j7bdeC0jG4qcqLg=="],

    "matrix-widget-api": ["matrix-widget-api@1.16.0", "", { "dependencies": { "@types/events": "^3.0.0", "events": "^3.2.0" } }, "sha512-OCsCzEN54jWamvWkBa7PqcKdlOhLA+nJbUyqsATHvzb4/NMcjdUZWSDurZxyNE5eYlNwxClA6Hw20mzJEKJbvg=="],

    "oidc-client-ts": ["oidc-client-ts@3.4.1", "", { "dependencies": { "jwt-decode": "^4.0.0" } }, "sha512-jNdst/U28Iasukx/L5MP6b274Vr7ftQs6qAhPBCvz6Wt5rPCA+Q/tUmCzfCHHWweWw5szeMy2Gfrm1rITwUKrw=="],

    "p-retry": ["p-retry@4.6.2", "", { "dependencies": { "@types/retry": "0.12.0", "retry": "^0.13.1" } }, "sha512-312Id396EbJdvRONlngUx0NydfrIQ5lsYu0znKVUzVvArzEIt08V1qhtyESbGVd1FGX7UKtiFp5uwKZdM8wIuQ=="],

    "retry": ["retry@0.13.1", "", {}, "sha512-XQBQ3I8W1Cge0Seh+6gjj03LbmRFWuoszgK9ooCpwYIrhhoO80pfq4cUkU5DkknwfOfFteRwlZ56PYOGYyFWdg=="],

    "sdp-transform": ["sdp-transform@2.15.0", "", { "bin": { "sdp-verify": "checker.js" } }, "sha512-KrOH82c/W+GYQ0LHqtr3caRpM3ITglq3ljGUIb8LTki7ByacJZ9z+piSGiwZDsRyhQbYBOBJgr2k6X4BZXi3Kw=="],

    "typescript": ["typescript@5.9.3", "", { "bin": { "tsc": "bin/tsc", "tsserver": "bin/tsserver" } }, "sha512-jl1vZzPDinLr9eUt3J/t7V6FgNEw9QjvBPdysz9KfQDD41fQrC2Y4vKQdiaUpFT4bXlb1RHhLpp8wtm6M5TgSw=="],

    "undici-types": ["undici-types@7.16.0", "", {}, "sha512-Zz+aZWSj8LE6zoxD+xrjh4VfkIG8Ya6LvYkZqtUQGJPZjYl53ypCaUwWqo7eI0x66KBGeRo+mlBEkMSeSZ38Nw=="],

    "unhomoglyph": ["unhomoglyph@1.0.6", "", {}, "sha512-7uvcWI3hWshSADBu4JpnyYbTVc7YlhF5GDW/oPD5AxIxl34k4wXR3WDkPnzLxkN32LiTCTKMQLtKVZiwki3zGg=="],

    "uuid": ["uuid@11.1.0", "", { "bin": { "uuid": "dist/esm/bin/uuid" } }, "sha512-0/A9rDy9P7cJ+8w1c9WD9V//9Wj15Ce2MPz8Ri6032usz+NfePxx5AcN3bN+r6ZL6jEo066/yNYB3tn4pQEx+A=="],

    "zod": ["zod@4.1.8", "", {}, "sha512-5R1P+WwQqmmMIEACyzSvo4JXHY5WiAFHRMg+zBZKgKS+Q1viRa0C1hmUKtHltoIFKtIdki3pRxkmpP74jnNYHQ=="],
  }
}
